// !$*UTF8*$!
{
	archiveVersion = 1;
	classes = {
	};
	objectVersion = 56;
	objects = {

/* Begin PBXBuildFile section */
		C9015F8F2BBA070000AC2A11 /* Patcher_ViewerApp.swift in Sources */ = {isa = PBXBuildFile; fileRef = C9015F8E2BBA070000AC2A11 /* Patcher_ViewerApp.swift */; };
		C9015F912BBA070000AC2A11 /* ContentView.swift in Sources */ = {isa = PBXBuildFile; fileRef = C9015F902BBA070000AC2A11 /* ContentView.swift */; };
		C9015F932BBA070100AC2A11 /* Assets.xcassets in Resources */ = {isa = PBXBuildFile; fileRef = C9015F922BBA070100AC2A11 /* Assets.xcassets */; };
		C9015F962BBA070100AC2A11 /* Preview Assets.xcassets in Resources */ = {isa = PBXBuildFile; fileRef = C9015F952BBA070100AC2A11 /* Preview Assets.xcassets */; };
		C9015F982BBA070100AC2A11 /* Persistence.swift in Sources */ = {isa = PBXBuildFile; fileRef = C9015F972BBA070100AC2A11 /* Persistence.swift */; };
		C9015F9B2BBA070100AC2A11 /* Patcher_Viewer.xcdatamodeld in Sources */ = {isa = PBXBuildFile; fileRef = C9015F992BBA070100AC2A11 /* Patcher_Viewer.xcdatamodeld */; };
		C9015FA52BBA070100AC2A11 /* Patcher_ViewerTests.swift in Sources */ = {isa = PBXBuildFile; fileRef = C9015FA42BBA070100AC2A11 /* Patcher_ViewerTests.swift */; };
		C9015FAF2BBA070100AC2A11 /* Patcher_ViewerUITests.swift in Sources */ = {isa = PBXBuildFile; fileRef = C9015FAE2BBA070100AC2A11 /* Patcher_ViewerUITests.swift */; };
		C9015FB12BBA070100AC2A11 /* Patcher_ViewerUITestsLaunchTests.swift in Sources */ = {isa = PBXBuildFile; fileRef = C9015FB02BBA070100AC2A11 /* Patcher_ViewerUITestsLaunchTests.swift */; };
		C9015FC02BBA1C9600AC2A11 /* InputPatchView.swift in Sources */ = {isa = PBXBuildFile; fileRef = C9015FBF2BBA1C9600AC2A11 /* InputPatchView.swift */; };
		C9015FC22BBA1CA300AC2A11 /* OutputPatchView.swift in Sources */ = {isa = PBXBuildFile; fileRef = C9015FC12BBA1CA300AC2A11 /* OutputPatchView.swift */; };
		C9015FC42BBA1CAE00AC2A11 /* StagePlotView.swift in Sources */ = {isa = PBXBuildFile; fileRef = C9015FC32BBA1CAE00AC2A11 /* StagePlotView.swift */; };
		C9015FC62BBA1CEF00AC2A11 /* ProjectManager.swift in Sources */ = {isa = PBXBuildFile; fileRef = C9015FC52BBA1CEF00AC2A11 /* ProjectManager.swift */; };
		C9281AA92BBF53F000339742 /* projectData.json in Resources */ = {isa = PBXBuildFile; fileRef = C9281AA82BBF53F000339742 /* projectData.json */; };
/* End PBXBuildFile section */

/* Begin PBXContainerItemProxy section */
		C9015FA12BBA070100AC2A11 /* PBXContainerItemProxy */ = {
			isa = PBXContainerItemProxy;
			containerPortal = C9015F832BBA070000AC2A11 /* Project object */;
			proxyType = 1;
			remoteGlobalIDString = C9015F8A2BBA070000AC2A11;
			remoteInfo = "Patcher Viewer";
		};
		C9015FAB2BBA070100AC2A11 /* PBXContainerItemProxy */ = {
			isa = PBXContainerItemProxy;
			containerPortal = C9015F832BBA070000AC2A11 /* Project object */;
			proxyType = 1;
			remoteGlobalIDString = C9015F8A2BBA070000AC2A11;
			remoteInfo = "Patcher Viewer";
		};
/* End PBXContainerItemProxy section */

/* Begin PBXFileReference section */
		C9015F8B2BBA070000AC2A11 /* Patcher Viewer.app */ = {isa = PBXFileReference; explicitFileType = wrapper.application; includeInIndex = 0; path = "Patcher Viewer.app"; sourceTree = BUILT_PRODUCTS_DIR; };
		C9015F8E2BBA070000AC2A11 /* Patcher_ViewerApp.swift */ = {isa = PBXFileReference; lastKnownFileType = sourcecode.swift; path = Patcher_ViewerApp.swift; sourceTree = "<group>"; };
		C9015F902BBA070000AC2A11 /* ContentView.swift */ = {isa = PBXFileReference; lastKnownFileType = sourcecode.swift; path = ContentView.swift; sourceTree = "<group>"; };
		C9015F922BBA070100AC2A11 /* Assets.xcassets */ = {isa = PBXFileReference; lastKnownFileType = folder.assetcatalog; path = Assets.xcassets; sourceTree = "<group>"; };
		C9015F952BBA070100AC2A11 /* Preview Assets.xcassets */ = {isa = PBXFileReference; lastKnownFileType = folder.assetcatalog; path = "Preview Assets.xcassets"; sourceTree = "<group>"; };
		C9015F972BBA070100AC2A11 /* Persistence.swift */ = {isa = PBXFileReference; lastKnownFileType = sourcecode.swift; path = Persistence.swift; sourceTree = "<group>"; };
		C9015F9A2BBA070100AC2A11 /* Patcher_Viewer.xcdatamodel */ = {isa = PBXFileReference; lastKnownFileType = wrapper.xcdatamodel; path = Patcher_Viewer.xcdatamodel; sourceTree = "<group>"; };
		C9015FA02BBA070100AC2A11 /* Patcher ViewerTests.xctest */ = {isa = PBXFileReference; explicitFileType = wrapper.cfbundle; includeInIndex = 0; path = "Patcher ViewerTests.xctest"; sourceTree = BUILT_PRODUCTS_DIR; };
		C9015FA42BBA070100AC2A11 /* Patcher_ViewerTests.swift */ = {isa = PBXFileReference; lastKnownFileType = sourcecode.swift; path = Patcher_ViewerTests.swift; sourceTree = "<group>"; };
		C9015FAA2BBA070100AC2A11 /* Patcher ViewerUITests.xctest */ = {isa = PBXFileReference; explicitFileType = wrapper.cfbundle; includeInIndex = 0; path = "Patcher ViewerUITests.xctest"; sourceTree = BUILT_PRODUCTS_DIR; };
		C9015FAE2BBA070100AC2A11 /* Patcher_ViewerUITests.swift */ = {isa = PBXFileReference; lastKnownFileType = sourcecode.swift; path = Patcher_ViewerUITests.swift; sourceTree = "<group>"; };
		C9015FB02BBA070100AC2A11 /* Patcher_ViewerUITestsLaunchTests.swift */ = {isa = PBXFileReference; lastKnownFileType = sourcecode.swift; path = Patcher_ViewerUITestsLaunchTests.swift; sourceTree = "<group>"; };
		C9015FBF2BBA1C9600AC2A11 /* InputPatchView.swift */ = {isa = PBXFileReference; lastKnownFileType = sourcecode.swift; path = InputPatchView.swift; sourceTree = "<group>"; };
		C9015FC12BBA1CA300AC2A11 /* OutputPatchView.swift */ = {isa = PBXFileReference; lastKnownFileType = sourcecode.swift; path = OutputPatchView.swift; sourceTree = "<group>"; };
		C9015FC32BBA1CAE00AC2A11 /* StagePlotView.swift */ = {isa = PBXFileReference; lastKnownFileType = sourcecode.swift; path = StagePlotView.swift; sourceTree = "<group>"; };
		C9015FC52BBA1CEF00AC2A11 /* ProjectManager.swift */ = {isa = PBXFileReference; lastKnownFileType = sourcecode.swift; path = ProjectManager.swift; sourceTree = "<group>"; };
		C9281AA82BBF53F000339742 /* projectData.json */ = {isa = PBXFileReference; fileEncoding = 4; lastKnownFileType = text.json; name = projectData.json; path = ../../../../../../Desktop/projectData.json; sourceTree = "<group>"; };
		C98E22DE2BBA2C1400C55E52 /* Patcher-Viewer-Info.plist */ = {isa = PBXFileReference; lastKnownFileType = text.plist; path = "Patcher-Viewer-Info.plist"; sourceTree = SOURCE_ROOT; };
/* End PBXFileReference section */

/* Begin PBXFrameworksBuildPhase section */
		C9015F882BBA070000AC2A11 /* Frameworks */ = {
			isa = PBXFrameworksBuildPhase;
			buildActionMask = 2147483647;
			files = (
			);
			runOnlyForDeploymentPostprocessing = 0;
		};
		C9015F9D2BBA070100AC2A11 /* Frameworks */ = {
			isa = PBXFrameworksBuildPhase;
			buildActionMask = 2147483647;
			files = (
			);
			runOnlyForDeploymentPostprocessing = 0;
		};
		C9015FA72BBA070100AC2A11 /* Frameworks */ = {
			isa = PBXFrameworksBuildPhase;
			buildActionMask = 2147483647;
			files = (
			);
			runOnlyForDeploymentPostprocessing = 0;
		};
/* End PBXFrameworksBuildPhase section */

/* Begin PBXGroup section */
		C9015F822BBA070000AC2A11 = {
			isa = PBXGroup;
			children = (
				C9015F8D2BBA070000AC2A11 /* Patcher Viewer */,
				C9015FA32BBA070100AC2A11 /* Patcher ViewerTests */,
				C9015FAD2BBA070100AC2A11 /* Patcher ViewerUITests */,
				C9015F8C2BBA070000AC2A11 /* Products */,
			);
			sourceTree = "<group>";
		};
		C9015F8C2BBA070000AC2A11 /* Products */ = {
			isa = PBXGroup;
			children = (
				C9015F8B2BBA070000AC2A11 /* Patcher Viewer.app */,
				C9015FA02BBA070100AC2A11 /* Patcher ViewerTests.xctest */,
				C9015FAA2BBA070100AC2A11 /* Patcher ViewerUITests.xctest */,
			);
			name = Products;
			sourceTree = "<group>";
		};
		C9015F8D2BBA070000AC2A11 /* Patcher Viewer */ = {
			isa = PBXGroup;
			children = (
				C98E22DE2BBA2C1400C55E52 /* Patcher-Viewer-Info.plist */,
				C9015F8E2BBA070000AC2A11 /* Patcher_ViewerApp.swift */,
				C9015F902BBA070000AC2A11 /* ContentView.swift */,
				C9281AA82BBF53F000339742 /* projectData.json */,
				C9015FC52BBA1CEF00AC2A11 /* ProjectManager.swift */,
				C9015FBF2BBA1C9600AC2A11 /* InputPatchView.swift */,
				C9015FC12BBA1CA300AC2A11 /* OutputPatchView.swift */,
				C9015FC32BBA1CAE00AC2A11 /* StagePlotView.swift */,
				C9015F922BBA070100AC2A11 /* Assets.xcassets */,
				C9015F972BBA070100AC2A11 /* Persistence.swift */,
				C9015F992BBA070100AC2A11 /* Patcher_Viewer.xcdatamodeld */,
				C9015F942BBA070100AC2A11 /* Preview Content */,
			);
			path = "Patcher Viewer";
			sourceTree = "<group>";
		};
		C9015F942BBA070100AC2A11 /* Preview Content */ = {
			isa = PBXGroup;
			children = (
				C9015F952BBA070100AC2A11 /* Preview Assets.xcassets */,
			);
			path = "Preview Content";
			sourceTree = "<group>";
		};
		C9015FA32BBA070100AC2A11 /* Patcher ViewerTests */ = {
			isa = PBXGroup;
			children = (
				C9015FA42BBA070100AC2A11 /* Patcher_ViewerTests.swift */,
			);
			path = "Patcher ViewerTests";
			sourceTree = "<group>";
		};
		C9015FAD2BBA070100AC2A11 /* Patcher ViewerUITests */ = {
			isa = PBXGroup;
			children = (
				C9015FAE2BBA070100AC2A11 /* Patcher_ViewerUITests.swift */,
				C9015FB02BBA070100AC2A11 /* Patcher_ViewerUITestsLaunchTests.swift */,
			);
			path = "Patcher ViewerUITests";
			sourceTree = "<group>";
		};
/* End PBXGroup section */

/* Begin PBXNativeTarget section */
		C9015F8A2BBA070000AC2A11 /* Patcher Viewer */ = {
			isa = PBXNativeTarget;
			buildConfigurationList = C9015FB42BBA070100AC2A11 /* Build configuration list for PBXNativeTarget "Patcher Viewer" */;
			buildPhases = (
				C9015F872BBA070000AC2A11 /* Sources */,
				C9015F882BBA070000AC2A11 /* Frameworks */,
				C9015F892BBA070000AC2A11 /* Resources */,
			);
			buildRules = (
			);
			dependencies = (
			);
			name = "Patcher Viewer";
			productName = "Patcher Viewer";
			productReference = C9015F8B2BBA070000AC2A11 /* Patcher Viewer.app */;
			productType = "com.apple.product-type.application";
		};
		C9015F9F2BBA070100AC2A11 /* Patcher ViewerTests */ = {
			isa = PBXNativeTarget;
			buildConfigurationList = C9015FB72BBA070100AC2A11 /* Build configuration list for PBXNativeTarget "Patcher ViewerTests" */;
			buildPhases = (
				C9015F9C2BBA070100AC2A11 /* Sources */,
				C9015F9D2BBA070100AC2A11 /* Frameworks */,
				C9015F9E2BBA070100AC2A11 /* Resources */,
			);
			buildRules = (
			);
			dependencies = (
				C9015FA22BBA070100AC2A11 /* PBXTargetDependency */,
			);
			name = "Patcher ViewerTests";
			productName = "Patcher ViewerTests";
			productReference = C9015FA02BBA070100AC2A11 /* Patcher ViewerTests.xctest */;
			productType = "com.apple.product-type.bundle.unit-test";
		};
		C9015FA92BBA070100AC2A11 /* Patcher ViewerUITests */ = {
			isa = PBXNativeTarget;
			buildConfigurationList = C9015FBA2BBA070100AC2A11 /* Build configuration list for PBXNativeTarget "Patcher ViewerUITests" */;
			buildPhases = (
				C9015FA62BBA070100AC2A11 /* Sources */,
				C9015FA72BBA070100AC2A11 /* Frameworks */,
				C9015FA82BBA070100AC2A11 /* Resources */,
			);
			buildRules = (
			);
			dependencies = (
				C9015FAC2BBA070100AC2A11 /* PBXTargetDependency */,
			);
			name = "Patcher ViewerUITests";
			productName = "Patcher ViewerUITests";
			productReference = C9015FAA2BBA070100AC2A11 /* Patcher ViewerUITests.xctest */;
			productType = "com.apple.product-type.bundle.ui-testing";
		};
/* End PBXNativeTarget section */

/* Begin PBXProject section */
		C9015F832BBA070000AC2A11 /* Project object */ = {
			isa = PBXProject;
			attributes = {
				BuildIndependentTargetsInParallel = 1;
				LastSwiftUpdateCheck = 1530;
				LastUpgradeCheck = 1530;
				TargetAttributes = {
					C9015F8A2BBA070000AC2A11 = {
						CreatedOnToolsVersion = 15.3;
					};
					C9015F9F2BBA070100AC2A11 = {
						CreatedOnToolsVersion = 15.3;
						TestTargetID = C9015F8A2BBA070000AC2A11;
					};
					C9015FA92BBA070100AC2A11 = {
						CreatedOnToolsVersion = 15.3;
						TestTargetID = C9015F8A2BBA070000AC2A11;
					};
				};
			};
			buildConfigurationList = C9015F862BBA070000AC2A11 /* Build configuration list for PBXProject "Patcher Viewer" */;
			compatibilityVersion = "Xcode 14.0";
			developmentRegion = en;
			hasScannedForEncodings = 0;
			knownRegions = (
				en,
				Base,
			);
			mainGroup = C9015F822BBA070000AC2A11;
			productRefGroup = C9015F8C2BBA070000AC2A11 /* Products */;
			projectDirPath = "";
			projectRoot = "";
			targets = (
				C9015F8A2BBA070000AC2A11 /* Patcher Viewer */,
				C9015F9F2BBA070100AC2A11 /* Patcher ViewerTests */,
				C9015FA92BBA070100AC2A11 /* Patcher ViewerUITests */,
			);
		};
/* End PBXProject section */

/* Begin PBXResourcesBuildPhase section */
		C9015F892BBA070000AC2A11 /* Resources */ = {
			isa = PBXResourcesBuildPhase;
			buildActionMask = 2147483647;
			files = (
				C9281AA92BBF53F000339742 /* projectData.json in Resources */,
				C9015F962BBA070100AC2A11 /* Preview Assets.xcassets in Resources */,
				C9015F932BBA070100AC2A11 /* Assets.xcassets in Resources */,
			);
			runOnlyForDeploymentPostprocessing = 0;
		};
		C9015F9E2BBA070100AC2A11 /* Resources */ = {
			isa = PBXResourcesBuildPhase;
			buildActionMask = 2147483647;
			files = (
			);
			runOnlyForDeploymentPostprocessing = 0;
		};
		C9015FA82BBA070100AC2A11 /* Resources */ = {
			isa = PBXResourcesBuildPhase;
			buildActionMask = 2147483647;
			files = (
			);
			runOnlyForDeploymentPostprocessing = 0;
		};
/* End PBXResourcesBuildPhase section */

/* Begin PBXSourcesBuildPhase section */
		C9015F872BBA070000AC2A11 /* Sources */ = {
			isa = PBXSourcesBuildPhase;
			buildActionMask = 2147483647;
			files = (
				C9015F982BBA070100AC2A11 /* Persistence.swift in Sources */,
				C9015F912BBA070000AC2A11 /* ContentView.swift in Sources */,
				C9015F8F2BBA070000AC2A11 /* Patcher_ViewerApp.swift in Sources */,
				C9015F9B2BBA070100AC2A11 /* Patcher_Viewer.xcdatamodeld in Sources */,
				C9015FC42BBA1CAE00AC2A11 /* StagePlotView.swift in Sources */,
				C9015FC22BBA1CA300AC2A11 /* OutputPatchView.swift in Sources */,
				C9015FC02BBA1C9600AC2A11 /* InputPatchView.swift in Sources */,
				C9015FC62BBA1CEF00AC2A11 /* ProjectManager.swift in Sources */,
			);
			runOnlyForDeploymentPostprocessing = 0;
		};
		C9015F9C2BBA070100AC2A11 /* Sources */ = {
			isa = PBXSourcesBuildPhase;
			buildActionMask = 2147483647;
			files = (
				C9015FA52BBA070100AC2A11 /* Patcher_ViewerTests.swift in Sources */,
			);
			runOnlyForDeploymentPostprocessing = 0;
		};
		C9015FA62BBA070100AC2A11 /* Sources */ = {
			isa = PBXSourcesBuildPhase;
			buildActionMask = 2147483647;
			files = (
				C9015FB12BBA070100AC2A11 /* Patcher_ViewerUITestsLaunchTests.swift in Sources */,
				C9015FAF2BBA070100AC2A11 /* Patcher_ViewerUITests.swift in Sources */,
			);
			runOnlyForDeploymentPostprocessing = 0;
		};
/* End PBXSourcesBuildPhase section */

/* Begin PBXTargetDependency section */
		C9015FA22BBA070100AC2A11 /* PBXTargetDependency */ = {
			isa = PBXTargetDependency;
			target = C9015F8A2BBA070000AC2A11 /* Patcher Viewer */;
			targetProxy = C9015FA12BBA070100AC2A11 /* PBXContainerItemProxy */;
		};
		C9015FAC2BBA070100AC2A11 /* PBXTargetDependency */ = {
			isa = PBXTargetDependency;
			target = C9015F8A2BBA070000AC2A11 /* Patcher Viewer */;
			targetProxy = C9015FAB2BBA070100AC2A11 /* PBXContainerItemProxy */;
		};
/* End PBXTargetDependency section */

/* Begin XCBuildConfiguration section */
		C9015FB22BBA070100AC2A11 /* Debug */ = {
			isa = XCBuildConfiguration;
			buildSettings = {
				ALWAYS_SEARCH_USER_PATHS = NO;
				ASSETCATALOG_COMPILER_GENERATE_SWIFT_ASSET_SYMBOL_EXTENSIONS = YES;
				CLANG_ANALYZER_NONNULL = YES;
				CLANG_ANALYZER_NUMBER_OBJECT_CONVERSION = YES_AGGRESSIVE;
				CLANG_CXX_LANGUAGE_STANDARD = "gnu++20";
				CLANG_ENABLE_MODULES = YES;
				CLANG_ENABLE_OBJC_ARC = YES;
				CLANG_ENABLE_OBJC_WEAK = YES;
				CLANG_WARN_BLOCK_CAPTURE_AUTORELEASING = YES;
				CLANG_WARN_BOOL_CONVERSION = YES;
				CLANG_WARN_COMMA = YES;
				CLANG_WARN_CONSTANT_CONVERSION = YES;
				CLANG_WARN_DEPRECATED_OBJC_IMPLEMENTATIONS = YES;
				CLANG_WARN_DIRECT_OBJC_ISA_USAGE = YES_ERROR;
				CLANG_WARN_DOCUMENTATION_COMMENTS = YES;
				CLANG_WARN_EMPTY_BODY = YES;
				CLANG_WARN_ENUM_CONVERSION = YES;
				CLANG_WARN_INFINITE_RECURSION = YES;
				CLANG_WARN_INT_CONVERSION = YES;
				CLANG_WARN_NON_LITERAL_NULL_CONVERSION = YES;
				CLANG_WARN_OBJC_IMPLICIT_RETAIN_SELF = YES;
				CLANG_WARN_OBJC_LITERAL_CONVERSION = YES;
				CLANG_WARN_OBJC_ROOT_CLASS = YES_ERROR;
				CLANG_WARN_QUOTED_INCLUDE_IN_FRAMEWORK_HEADER = YES;
				CLANG_WARN_RANGE_LOOP_ANALYSIS = YES;
				CLANG_WARN_STRICT_PROTOTYPES = YES;
				CLANG_WARN_SUSPICIOUS_MOVE = YES;
				CLANG_WARN_UNGUARDED_AVAILABILITY = YES_AGGRESSIVE;
				CLANG_WARN_UNREACHABLE_CODE = YES;
				CLANG_WARN__DUPLICATE_METHOD_MATCH = YES;
				COPY_PHASE_STRIP = NO;
				DEBUG_INFORMATION_FORMAT = dwarf;
				ENABLE_STRICT_OBJC_MSGSEND = YES;
				ENABLE_TESTABILITY = YES;
				ENABLE_USER_SCRIPT_SANDBOXING = YES;
				GCC_C_LANGUAGE_STANDARD = gnu17;
				GCC_DYNAMIC_NO_PIC = NO;
				GCC_NO_COMMON_BLOCKS = YES;
				GCC_OPTIMIZATION_LEVEL = 0;
				GCC_PREPROCESSOR_DEFINITIONS = (
					"DEBUG=1",
					"$(inherited)",
				);
				GCC_WARN_64_TO_32_BIT_CONVERSION = YES;
				GCC_WARN_ABOUT_RETURN_TYPE = YES_ERROR;
				GCC_WARN_UNDECLARED_SELECTOR = YES;
				GCC_WARN_UNINITIALIZED_AUTOS = YES_AGGRESSIVE;
				GCC_WARN_UNUSED_FUNCTION = YES;
				GCC_WARN_UNUSED_VARIABLE = YES;
				INFOPLIST_KEY_NSDesktopFolderUsageDescription = "";
				INFOPLIST_KEY_NSDocumentsFolderUsageDescription = "";
				INFOPLIST_KEY_NSDownloadsFolderUsageDescription = "";
				INFOPLIST_KEY_NSFileProviderDomainUsageDescription = "";
				IPHONEOS_DEPLOYMENT_TARGET = 16.0;
				LOCALIZATION_PREFERS_STRING_CATALOGS = YES;
				MTL_ENABLE_DEBUG_INFO = INCLUDE_SOURCE;
				MTL_FAST_MATH = YES;
				ONLY_ACTIVE_ARCH = YES;
				SDKROOT = iphoneos;
				SWIFT_ACTIVE_COMPILATION_CONDITIONS = "DEBUG $(inherited)";
				SWIFT_OPTIMIZATION_LEVEL = "-Onone";
			};
			name = Debug;
		};
		C9015FB32BBA070100AC2A11 /* Release */ = {
			isa = XCBuildConfiguration;
			buildSettings = {
				ALWAYS_SEARCH_USER_PATHS = NO;
				ASSETCATALOG_COMPILER_GENERATE_SWIFT_ASSET_SYMBOL_EXTENSIONS = YES;
				CLANG_ANALYZER_NONNULL = YES;
				CLANG_ANALYZER_NUMBER_OBJECT_CONVERSION = YES_AGGRESSIVE;
				CLANG_CXX_LANGUAGE_STANDARD = "gnu++20";
				CLANG_ENABLE_MODULES = YES;
				CLANG_ENABLE_OBJC_ARC = YES;
				CLANG_ENABLE_OBJC_WEAK = YES;
				CLANG_WARN_BLOCK_CAPTURE_AUTORELEASING = YES;
				CLANG_WARN_BOOL_CONVERSION = YES;
				CLANG_WARN_COMMA = YES;
				CLANG_WARN_CONSTANT_CONVERSION = YES;
				CLANG_WARN_DEPRECATED_OBJC_IMPLEMENTATIONS = YES;
				CLANG_WARN_DIRECT_OBJC_ISA_USAGE = YES_ERROR;
				CLANG_WARN_DOCUMENTATION_COMMENTS = YES;
				CLANG_WARN_EMPTY_BODY = YES;
				CLANG_WARN_ENUM_CONVERSION = YES;
				CLANG_WARN_INFINITE_RECURSION = YES;
				CLANG_WARN_INT_CONVERSION = YES;
				CLANG_WARN_NON_LITERAL_NULL_CONVERSION = YES;
				CLANG_WARN_OBJC_IMPLICIT_RETAIN_SELF = YES;
				CLANG_WARN_OBJC_LITERAL_CONVERSION = YES;
				CLANG_WARN_OBJC_ROOT_CLASS = YES_ERROR;
				CLANG_WARN_QUOTED_INCLUDE_IN_FRAMEWORK_HEADER = YES;
				CLANG_WARN_RANGE_LOOP_ANALYSIS = YES;
				CLANG_WARN_STRICT_PROTOTYPES = YES;
				CLANG_WARN_SUSPICIOUS_MOVE = YES;
				CLANG_WARN_UNGUARDED_AVAILABILITY = YES_AGGRESSIVE;
				CLANG_WARN_UNREACHABLE_CODE = YES;
				CLANG_WARN__DUPLICATE_METHOD_MATCH = YES;
				COPY_PHASE_STRIP = NO;
				DEBUG_INFORMATION_FORMAT = "dwarf-with-dsym";
				ENABLE_NS_ASSERTIONS = NO;
				ENABLE_STRICT_OBJC_MSGSEND = YES;
				ENABLE_USER_SCRIPT_SANDBOXING = YES;
				GCC_C_LANGUAGE_STANDARD = gnu17;
				GCC_NO_COMMON_BLOCKS = YES;
				GCC_WARN_64_TO_32_BIT_CONVERSION = YES;
				GCC_WARN_ABOUT_RETURN_TYPE = YES_ERROR;
				GCC_WARN_UNDECLARED_SELECTOR = YES;
				GCC_WARN_UNINITIALIZED_AUTOS = YES_AGGRESSIVE;
				GCC_WARN_UNUSED_FUNCTION = YES;
				GCC_WARN_UNUSED_VARIABLE = YES;
				INFOPLIST_KEY_NSDesktopFolderUsageDescription = "";
				INFOPLIST_KEY_NSDocumentsFolderUsageDescription = "";
				INFOPLIST_KEY_NSDownloadsFolderUsageDescription = "";
				IPHONEOS_DEPLOYMENT_TARGET = 16.0;
				LOCALIZATION_PREFERS_STRING_CATALOGS = YES;
				MTL_ENABLE_DEBUG_INFO = NO;
				MTL_FAST_MATH = YES;
				SDKROOT = iphoneos;
				SWIFT_COMPILATION_MODE = wholemodule;
				VALIDATE_PRODUCT = YES;
			};
			name = Release;
		};
		C9015FB52BBA070100AC2A11 /* Debug */ = {
			isa = XCBuildConfiguration;
			buildSettings = {
				ASSETCATALOG_COMPILER_APPICON_NAME = AppIcon;
				ASSETCATALOG_COMPILER_GLOBAL_ACCENT_COLOR_NAME = AccentColor;
				CODE_SIGN_IDENTITY = "Apple Development";
				CODE_SIGN_STYLE = Automatic;
				CURRENT_PROJECT_VERSION = 1;
				DEVELOPMENT_ASSET_PATHS = "Patcher\\ Viewer/Preview\\ Content Patcher\\ Viewer/projectData.json";
				DEVELOPMENT_TEAM = 4B43GPHYV4;
				ENABLE_PREVIEWS = YES;
				GENERATE_INFOPLIST_FILE = YES;
				INFOPLIST_FILE = "Patcher-Viewer-Info.plist";
				INFOPLIST_KEY_CFBundleDisplayName = "Patcher Viewer";
				INFOPLIST_KEY_LSApplicationCategoryType = "public.app-category.productivity";
				INFOPLIST_KEY_NSDesktopFolderUsageDescription = "";
				INFOPLIST_KEY_NSDocumentsFolderUsageDescription = "$(PRODUCT_NAME) requires access to the Documents folder to open projects.";
				INFOPLIST_KEY_NSDownloadsFolderUsageDescription = "";
				INFOPLIST_KEY_NSFileProviderDomainUsageDescription = "";
				INFOPLIST_KEY_UIApplicationSceneManifest_Generation = YES;
				INFOPLIST_KEY_UIApplicationSupportsIndirectInputEvents = YES;
				INFOPLIST_KEY_UILaunchScreen_Generation = YES;
				INFOPLIST_KEY_UIRequiresFullScreen = YES;
				INFOPLIST_KEY_UIStatusBarStyle = "";
				INFOPLIST_KEY_UISupportedInterfaceOrientations = UIInterfaceOrientationPortrait;
				INFOPLIST_KEY_UISupportedInterfaceOrientations_iPad = "UIInterfaceOrientationPortrait UIInterfaceOrientationPortraitUpsideDown";
				IPHONEOS_DEPLOYMENT_TARGET = 16.0;
				LD_RUNPATH_SEARCH_PATHS = (
					"$(inherited)",
					"@executable_path/Frameworks",
				);
				MARKETING_VERSION = 1.0;
				PRODUCT_BUNDLE_IDENTIFIER = "OJ.Patcher-Viewer";
				PRODUCT_NAME = "$(TARGET_NAME)";
				PROVISIONING_PROFILE_SPECIFIER = "";
				SUPPORTED_PLATFORMS = "iphoneos iphonesimulator";
				SUPPORTS_MACCATALYST = NO;
				SUPPORTS_MAC_DESIGNED_FOR_IPHONE_IPAD = NO;
				SUPPORTS_XR_DESIGNED_FOR_IPHONE_IPAD = NO;
				SWIFT_EMIT_LOC_STRINGS = YES;
				SWIFT_VERSION = 5.0;
				TARGETED_DEVICE_FAMILY = "1,2";
			};
			name = Debug;
		};
		C9015FB62BBA070100AC2A11 /* Release */ = {
			isa = XCBuildConfiguration;
			buildSettings = {
				ASSETCATALOG_COMPILER_APPICON_NAME = AppIcon;
				ASSETCATALOG_COMPILER_GLOBAL_ACCENT_COLOR_NAME = AccentColor;
				CODE_SIGN_IDENTITY = "Apple Development";
				CODE_SIGN_STYLE = Automatic;
				CURRENT_PROJECT_VERSION = 1;
				DEVELOPMENT_ASSET_PATHS = "Patcher\\ Viewer/Preview\\ Content Patcher\\ Viewer/projectData.json";
				DEVELOPMENT_TEAM = 4B43GPHYV4;
				ENABLE_PREVIEWS = YES;
				GENERATE_INFOPLIST_FILE = YES;
				INFOPLIST_FILE = "Patcher-Viewer-Info.plist";
				INFOPLIST_KEY_CFBundleDisplayName = "Patcher Viewer";
				INFOPLIST_KEY_LSApplicationCategoryType = "public.app-category.productivity";
				INFOPLIST_KEY_NSDesktopFolderUsageDescription = "";
				INFOPLIST_KEY_NSDocumentsFolderUsageDescription = "$(PRODUCT_NAME) requires access to the Documents folder to open projects.";
				INFOPLIST_KEY_NSDownloadsFolderUsageDescription = "";
				INFOPLIST_KEY_NSFileProviderDomainUsageDescription = "";
				INFOPLIST_KEY_UIApplicationSceneManifest_Generation = YES;
				INFOPLIST_KEY_UIApplicationSupportsIndirectInputEvents = YES;
				INFOPLIST_KEY_UILaunchScreen_Generation = YES;
				INFOPLIST_KEY_UIRequiresFullScreen = YES;
				INFOPLIST_KEY_UIStatusBarStyle = "";
				INFOPLIST_KEY_UISupportedInterfaceOrientations = UIInterfaceOrientationPortrait;
				INFOPLIST_KEY_UISupportedInterfaceOrientations_iPad = "UIInterfaceOrientationPortrait UIInterfaceOrientationPortraitUpsideDown";
				IPHONEOS_DEPLOYMENT_TARGET = 16.0;
				LD_RUNPATH_SEARCH_PATHS = (
					"$(inherited)",
					"@executable_path/Frameworks",
				);
				MARKETING_VERSION = 1.0;
				PRODUCT_BUNDLE_IDENTIFIER = "OJ.Patcher-Viewer";
				PRODUCT_NAME = "$(TARGET_NAME)";
				PROVISIONING_PROFILE_SPECIFIER = "";
				SUPPORTED_PLATFORMS = "iphoneos iphonesimulator";
				SUPPORTS_MACCATALYST = NO;
				SUPPORTS_MAC_DESIGNED_FOR_IPHONE_IPAD = NO;
				SUPPORTS_XR_DESIGNED_FOR_IPHONE_IPAD = NO;
				SWIFT_EMIT_LOC_STRINGS = YES;
				SWIFT_VERSION = 5.0;
				TARGETED_DEVICE_FAMILY = "1,2";
			};
			name = Release;
		};
		C9015FB82BBA070100AC2A11 /* Debug */ = {
			isa = XCBuildConfiguration;
			buildSettings = {
				ALWAYS_EMBED_SWIFT_STANDARD_LIBRARIES = YES;
				BUNDLE_LOADER = "$(TEST_HOST)";
				CODE_SIGN_STYLE = Automatic;
				CURRENT_PROJECT_VERSION = 1;
				DEVELOPMENT_TEAM = 4B43GPHYV4;
				GENERATE_INFOPLIST_FILE = YES;
				IPHONEOS_DEPLOYMENT_TARGET = 16.0;
				MARKETING_VERSION = 1.0;
				PRODUCT_BUNDLE_IDENTIFIER = "OJ.Patcher-ViewerTests";
				PRODUCT_NAME = "$(TARGET_NAME)";
				SUPPORTED_PLATFORMS = "iphoneos iphonesimulator";
				SUPPORTS_MACCATALYST = NO;
				SUPPORTS_MAC_DESIGNED_FOR_IPHONE_IPAD = NO;
				SUPPORTS_XR_DESIGNED_FOR_IPHONE_IPAD = NO;
				SWIFT_EMIT_LOC_STRINGS = NO;
				SWIFT_VERSION = 5.0;
				TARGETED_DEVICE_FAMILY = "1,2";
				TEST_HOST = "$(BUILT_PRODUCTS_DIR)/Patcher Viewer.app/$(BUNDLE_EXECUTABLE_FOLDER_PATH)/Patcher Viewer";
			};
			name = Debug;
		};
		C9015FB92BBA070100AC2A11 /* Release */ = {
			isa = XCBuildConfiguration;
			buildSettings = {
				ALWAYS_EMBED_SWIFT_STANDARD_LIBRARIES = YES;
				BUNDLE_LOADER = "$(TEST_HOST)";
				CODE_SIGN_STYLE = Automatic;
				CURRENT_PROJECT_VERSION = 1;
				DEVELOPMENT_TEAM = 4B43GPHYV4;
				GENERATE_INFOPLIST_FILE = YES;
				IPHONEOS_DEPLOYMENT_TARGET = 16.0;
				MARKETING_VERSION = 1.0;
				PRODUCT_BUNDLE_IDENTIFIER = "OJ.Patcher-ViewerTests";
				PRODUCT_NAME = "$(TARGET_NAME)";
				SUPPORTED_PLATFORMS = "iphoneos iphonesimulator";
				SUPPORTS_MACCATALYST = NO;
				SUPPORTS_MAC_DESIGNED_FOR_IPHONE_IPAD = NO;
				SUPPORTS_XR_DESIGNED_FOR_IPHONE_IPAD = NO;
				SWIFT_EMIT_LOC_STRINGS = NO;
				SWIFT_VERSION = 5.0;
				TARGETED_DEVICE_FAMILY = "1,2";
				TEST_HOST = "$(BUILT_PRODUCTS_DIR)/Patcher Viewer.app/$(BUNDLE_EXECUTABLE_FOLDER_PATH)/Patcher Viewer";
			};
			name = Release;
		};
		C9015FBB2BBA070100AC2A11 /* Debug */ = {
			isa = XCBuildConfiguration;
			buildSettings = {
				ALWAYS_EMBED_SWIFT_STANDARD_LIBRARIES = YES;
				CODE_SIGN_STYLE = Automatic;
				CURRENT_PROJECT_VERSION = 1;
				DEVELOPMENT_TEAM = 4B43GPHYV4;
				GENERATE_INFOPLIST_FILE = YES;
				MARKETING_VERSION = 1.0;
				PRODUCT_BUNDLE_IDENTIFIER = "OJ.Patcher-ViewerUITests";
				PRODUCT_NAME = "$(TARGET_NAME)";
				SWIFT_EMIT_LOC_STRINGS = NO;
				SWIFT_VERSION = 5.0;
				TARGETED_DEVICE_FAMILY = "1,2";
				TEST_TARGET_NAME = "Patcher Viewer";
			};
			name = Debug;
		};
		C9015FBC2BBA070100AC2A11 /* Release */ = {
			isa = XCBuildConfiguration;
			buildSettings = {
				ALWAYS_EMBED_SWIFT_STANDARD_LIBRARIES = YES;
				CODE_SIGN_STYLE = Automatic;
				CURRENT_PROJECT_VERSION = 1;
				DEVELOPMENT_TEAM = 4B43GPHYV4;
				GENERATE_INFOPLIST_FILE = YES;
				MARKETING_VERSION = 1.0;
				PRODUCT_BUNDLE_IDENTIFIER = "OJ.Patcher-ViewerUITests";
				PRODUCT_NAME = "$(TARGET_NAME)";
				SWIFT_EMIT_LOC_STRINGS = NO;
				SWIFT_VERSION = 5.0;
				TARGETED_DEVICE_FAMILY = "1,2";
				TEST_TARGET_NAME = "Patcher Viewer";
			};
			name = Release;
		};
/* End XCBuildConfiguration section */

/* Begin XCConfigurationList section */
		C9015F862BBA070000AC2A11 /* Build configuration list for PBXProject "Patcher Viewer" */ = {
			isa = XCConfigurationList;
			buildConfigurations = (
				C9015FB22BBA070100AC2A11 /* Debug */,
				C9015FB32BBA070100AC2A11 /* Release */,
			);
			defaultConfigurationIsVisible = 0;
			defaultConfigurationName = Release;
		};
		C9015FB42BBA070100AC2A11 /* Build configuration list for PBXNativeTarget "Patcher Viewer" */ = {
			isa = XCConfigurationList;
			buildConfigurations = (
				C9015FB52BBA070100AC2A11 /* Debug */,
				C9015FB62BBA070100AC2A11 /* Release */,
			);
			defaultConfigurationIsVisible = 0;
			defaultConfigurationName = Release;
		};
		C9015FB72BBA070100AC2A11 /* Build configuration list for PBXNativeTarget "Patcher ViewerTests" */ = {
			isa = XCConfigurationList;
			buildConfigurations = (
				C9015FB82BBA070100AC2A11 /* Debug */,
				C9015FB92BBA070100AC2A11 /* Release */,
			);
			defaultConfigurationIsVisible = 0;
			defaultConfigurationName = Release;
		};
		C9015FBA2BBA070100AC2A11 /* Build configuration list for PBXNativeTarget "Patcher ViewerUITests" */ = {
			isa = XCConfigurationList;
			buildConfigurations = (
				C9015FBB2BBA070100AC2A11 /* Debug */,
				C9015FBC2BBA070100AC2A11 /* Release */,
			);
			defaultConfigurationIsVisible = 0;
			defaultConfigurationName = Release;
		};
/* End XCConfigurationList section */

/* Begin XCVersionGroup section */
		C9015F992BBA070100AC2A11 /* Patcher_Viewer.xcdatamodeld */ = {
			isa = XCVersionGroup;
			children = (
				C9015F9A2BBA070100AC2A11 /* Patcher_Viewer.xcdatamodel */,
			);
			currentVersion = C9015F9A2BBA070100AC2A11 /* Patcher_Viewer.xcdatamodel */;
			path = Patcher_Viewer.xcdatamodeld;
			sourceTree = "<group>";
			versionGroupType = wrapper.xcdatamodel;
		};
/* End XCVersionGroup section */
	};
	rootObject = C9015F832BBA070000AC2A11 /* Project object */;
}
